// !$*UTF8*$!
{
	archiveVersion = 1;
	classes = {
	};
	objectVersion = 52;
	objects = {

/* Begin PBXBuildFile section */
		657F1A27239D896400B351BA /* TouchVisualizer in Frameworks */ = {isa = PBXBuildFile; productRef = 657F1A26239D896400B351BA /* TouchVisualizer */; };
		65CD7F4C239D8B35000B3952 /* SampleCode.xcconfig in Resources */ = {isa = PBXBuildFile; fileRef = 65CD7F4B239D8B35000B3952 /* SampleCode.xcconfig */; };
		65F8E2EA239D83740015981A /* AppDelegate.swift in Sources */ = {isa = PBXBuildFile; fileRef = 65F8E2E9239D83740015981A /* AppDelegate.swift */; };
		65F8E2EC239D83740015981A /* SceneDelegate.swift in Sources */ = {isa = PBXBuildFile; fileRef = 65F8E2EB239D83740015981A /* SceneDelegate.swift */; };
		65F8E2EE239D83740015981A /* ContentView.swift in Sources */ = {isa = PBXBuildFile; fileRef = 65F8E2ED239D83740015981A /* ContentView.swift */; };
		65F8E2F0239D83750015981A /* Assets.xcassets in Resources */ = {isa = PBXBuildFile; fileRef = 65F8E2EF239D83750015981A /* Assets.xcassets */; };
		65F8E2F3239D83750015981A /* Preview Assets.xcassets in Resources */ = {isa = PBXBuildFile; fileRef = 65F8E2F2239D83750015981A /* Preview Assets.xcassets */; };
		65F8E2F6239D83750015981A /* LaunchScreen.storyboard in Resources */ = {isa = PBXBuildFile; fileRef = 65F8E2F4239D83750015981A /* LaunchScreen.storyboard */; };
/* End PBXBuildFile section */

/* Begin PBXFileReference section */
		657F1A24239D83FC00B351BA /* Package.swift */ = {isa = PBXFileReference; lastKnownFileType = sourcecode.swift; name = Package.swift; path = ../Package.swift; sourceTree = "<group>"; };
		65CD7F4B239D8B35000B3952 /* SampleCode.xcconfig */ = {isa = PBXFileReference; fileEncoding = 4; lastKnownFileType = text.xcconfig; path = SampleCode.xcconfig; sourceTree = "<group>"; };
		65F8E2E6239D83740015981A /* Example.app */ = {isa = PBXFileReference; explicitFileType = wrapper.application; includeInIndex = 0; path = Example.app; sourceTree = BUILT_PRODUCTS_DIR; };
		65F8E2E9239D83740015981A /* AppDelegate.swift */ = {isa = PBXFileReference; lastKnownFileType = sourcecode.swift; path = AppDelegate.swift; sourceTree = "<group>"; };
		65F8E2EB239D83740015981A /* SceneDelegate.swift */ = {isa = PBXFileReference; lastKnownFileType = sourcecode.swift; path = SceneDelegate.swift; sourceTree = "<group>"; };
		65F8E2ED239D83740015981A /* ContentView.swift */ = {isa = PBXFileReference; lastKnownFileType = sourcecode.swift; path = ContentView.swift; sourceTree = "<group>"; };
		65F8E2EF239D83750015981A /* Assets.xcassets */ = {isa = PBXFileReference; lastKnownFileType = folder.assetcatalog; path = Assets.xcassets; sourceTree = "<group>"; };
		65F8E2F2239D83750015981A /* Preview Assets.xcassets */ = {isa = PBXFileReference; lastKnownFileType = folder.assetcatalog; path = "Preview Assets.xcassets"; sourceTree = "<group>"; };
		65F8E2F5239D83750015981A /* Base */ = {isa = PBXFileReference; lastKnownFileType = file.storyboard; name = Base; path = Base.lproj/LaunchScreen.storyboard; sourceTree = "<group>"; };
		65F8E2F7239D83750015981A /* Info.plist */ = {isa = PBXFileReference; lastKnownFileType = text.plist.xml; path = Info.plist; sourceTree = "<group>"; };
/* End PBXFileReference section */

/* Begin PBXFrameworksBuildPhase section */
		65F8E2E3239D83740015981A /* Frameworks */ = {
			isa = PBXFrameworksBuildPhase;
			buildActionMask = 2147483647;
			files = (
				657F1A27239D896400B351BA /* TouchVisualizer in Frameworks */,
			);
			runOnlyForDeploymentPostprocessing = 0;
		};
/* End PBXFrameworksBuildPhase section */

/* Begin PBXGroup section */
		657F1A23239D83FB00B351BA /* Frameworks */ = {
			isa = PBXGroup;
			children = (
				657F1A24239D83FC00B351BA /* Package.swift */,
			);
			name = Frameworks;
			sourceTree = "<group>";
		};
		65F8E2DD239D83740015981A = {
			isa = PBXGroup;
			children = (
				65F8E2E8239D83740015981A /* Example */,
				65F8E2E7239D83740015981A /* Products */,
				657F1A23239D83FB00B351BA /* Frameworks */,
			);
			sourceTree = "<group>";
		};
		65F8E2E7239D83740015981A /* Products */ = {
			isa = PBXGroup;
			children = (
				65F8E2E6239D83740015981A /* Example.app */,
			);
			name = Products;
			sourceTree = "<group>";
		};
		65F8E2E8239D83740015981A /* Example */ = {
			isa = PBXGroup;
			children = (
				65F8E2E9239D83740015981A /* AppDelegate.swift */,
				65F8E2EB239D83740015981A /* SceneDelegate.swift */,
				65F8E2ED239D83740015981A /* ContentView.swift */,
				65F8E2EF239D83750015981A /* Assets.xcassets */,
				65F8E2F4239D83750015981A /* LaunchScreen.storyboard */,
				65F8E2F7239D83750015981A /* Info.plist */,
				65CD7F4B239D8B35000B3952 /* SampleCode.xcconfig */,
				65F8E2F1239D83750015981A /* Preview Content */,
			);
			path = Example;
			sourceTree = "<group>";
		};
		65F8E2F1239D83750015981A /* Preview Content */ = {
			isa = PBXGroup;
			children = (
				65F8E2F2239D83750015981A /* Preview Assets.xcassets */,
			);
			path = "Preview Content";
			sourceTree = "<group>";
		};
/* End PBXGroup section */

/* Begin PBXNativeTarget section */
		65F8E2E5239D83740015981A /* Example */ = {
			isa = PBXNativeTarget;
			buildConfigurationList = 65F8E2FA239D83750015981A /* Build configuration list for PBXNativeTarget "Example" */;
			buildPhases = (
				65F8E2E2239D83740015981A /* Sources */,
				65F8E2E3239D83740015981A /* Frameworks */,
				65F8E2E4239D83740015981A /* Resources */,
			);
			buildRules = (
			);
			dependencies = (
			);
			name = Example;
			packageProductDependencies = (
				657F1A26239D896400B351BA /* TouchVisualizer */,
			);
			productName = Example;
			productReference = 65F8E2E6239D83740015981A /* Example.app */;
			productType = "com.apple.product-type.application";
		};
/* End PBXNativeTarget section */

/* Begin PBXProject section */
		65F8E2DE239D83740015981A /* Project object */ = {
			isa = PBXProject;
			attributes = {
				LastSwiftUpdateCheck = 1120;
				LastUpgradeCheck = 1120;
				ORGANIZATIONNAME = "Paul Schmiedmayer";
				TargetAttributes = {
					65F8E2E5239D83740015981A = {
						CreatedOnToolsVersion = 11.2.1;
					};
				};
			};
			buildConfigurationList = 65F8E2E1239D83740015981A /* Build configuration list for PBXProject "Example" */;
			compatibilityVersion = "Xcode 9.3";
			developmentRegion = en;
			hasScannedForEncodings = 0;
			knownRegions = (
				en,
				Base,
			);
			mainGroup = 65F8E2DD239D83740015981A;
			packageReferences = (
				657F1A25239D896400B351BA /* XCRemoteSwiftPackageReference "TouchVisualizer" */,
			);
			productRefGroup = 65F8E2E7239D83740015981A /* Products */;
			projectDirPath = "";
			projectRoot = "";
			targets = (
				65F8E2E5239D83740015981A /* Example */,
			);
		};
/* End PBXProject section */

/* Begin PBXResourcesBuildPhase section */
		65F8E2E4239D83740015981A /* Resources */ = {
			isa = PBXResourcesBuildPhase;
			buildActionMask = 2147483647;
			files = (
				65F8E2F6239D83750015981A /* LaunchScreen.storyboard in Resources */,
				65F8E2F3239D83750015981A /* Preview Assets.xcassets in Resources */,
				65F8E2F0239D83750015981A /* Assets.xcassets in Resources */,
				65CD7F4C239D8B35000B3952 /* SampleCode.xcconfig in Resources */,
			);
			runOnlyForDeploymentPostprocessing = 0;
		};
/* End PBXResourcesBuildPhase section */

/* Begin PBXSourcesBuildPhase section */
		65F8E2E2239D83740015981A /* Sources */ = {
			isa = PBXSourcesBuildPhase;
			buildActionMask = 2147483647;
			files = (
				65F8E2EA239D83740015981A /* AppDelegate.swift in Sources */,
				65F8E2EC239D83740015981A /* SceneDelegate.swift in Sources */,
				65F8E2EE239D83740015981A /* ContentView.swift in Sources */,
			);
			runOnlyForDeploymentPostprocessing = 0;
		};
/* End PBXSourcesBuildPhase section */

/* Begin PBXVariantGroup section */
		65F8E2F4239D83750015981A /* LaunchScreen.storyboard */ = {
			isa = PBXVariantGroup;
			children = (
				65F8E2F5239D83750015981A /* Base */,
			);
			name = LaunchScreen.storyboard;
			sourceTree = "<group>";
		};
/* End PBXVariantGroup section */

/* Begin XCBuildConfiguration section */
		65F8E2F8239D83750015981A /* Debug */ = {
			isa = XCBuildConfiguration;
			baseConfigurationReference = 65CD7F4B239D8B35000B3952 /* SampleCode.xcconfig */;
			buildSettings = {
				ALWAYS_SEARCH_USER_PATHS = NO;
				CLANG_ANALYZER_NONNULL = YES;
				CLANG_ANALYZER_NUMBER_OBJECT_CONVERSION = YES_AGGRESSIVE;
				CLANG_CXX_LANGUAGE_STANDARD = "gnu++14";
				CLANG_CXX_LIBRARY = "libc++";
				CLANG_ENABLE_MODULES = YES;
				CLANG_ENABLE_OBJC_ARC = YES;
				CLANG_ENABLE_OBJC_WEAK = YES;
				CLANG_WARN_BLOCK_CAPTURE_AUTORELEASING = YES;
				CLANG_WARN_BOOL_CONVERSION = YES;
				CLANG_WARN_COMMA = YES;
				CLANG_WARN_CONSTANT_CONVERSION = YES;
				CLANG_WARN_DEPRECATED_OBJC_IMPLEMENTATIONS = YES;
				CLANG_WARN_DIRECT_OBJC_ISA_USAGE = YES_ERROR;
				CLANG_WARN_DOCUMENTATION_COMMENTS = YES;
				CLANG_WARN_EMPTY_BODY = YES;
				CLANG_WARN_ENUM_CONVERSION = YES;
				CLANG_WARN_INFINITE_RECURSION = YES;
				CLANG_WARN_INT_CONVERSION = YES;
				CLANG_WARN_NON_LITERAL_NULL_CONVERSION = YES;
				CLANG_WARN_OBJC_IMPLICIT_RETAIN_SELF = YES;
				CLANG_WARN_OBJC_LITERAL_CONVERSION = YES;
				CLANG_WARN_OBJC_ROOT_CLASS = YES_ERROR;
				CLANG_WARN_RANGE_LOOP_ANALYSIS = YES;
				CLANG_WARN_STRICT_PROTOTYPES = YES;
				CLANG_WARN_SUSPICIOUS_MOVE = YES;
				CLANG_WARN_UNGUARDED_AVAILABILITY = YES_AGGRESSIVE;
				CLANG_WARN_UNREACHABLE_CODE = YES;
				CLANG_WARN__DUPLICATE_METHOD_MATCH = YES;
				COPY_PHASE_STRIP = NO;
				DEBUG_INFORMATION_FORMAT = dwarf;
				ENABLE_STRICT_OBJC_MSGSEND = YES;
				ENABLE_TESTABILITY = YES;
				GCC_C_LANGUAGE_STANDARD = gnu11;
				GCC_DYNAMIC_NO_PIC = NO;
				GCC_NO_COMMON_BLOCKS = YES;
				GCC_OPTIMIZATION_LEVEL = 0;
				GCC_PREPROCESSOR_DEFINITIONS = (
					"DEBUG=1",
					"$(inherited)",
				);
				GCC_WARN_64_TO_32_BIT_CONVERSION = YES;
				GCC_WARN_ABOUT_RETURN_TYPE = YES_ERROR;
				GCC_WARN_UNDECLARED_SELECTOR = YES;
				GCC_WARN_UNINITIALIZED_AUTOS = YES_AGGRESSIVE;
				GCC_WARN_UNUSED_FUNCTION = YES;
				GCC_WARN_UNUSED_VARIABLE = YES;
				IPHONEOS_DEPLOYMENT_TARGET = 13.2;
				MTL_ENABLE_DEBUG_INFO = INCLUDE_SOURCE;
				MTL_FAST_MATH = YES;
				ONLY_ACTIVE_ARCH = YES;
				SDKROOT = iphoneos;
				SWIFT_ACTIVE_COMPILATION_CONDITIONS = DEBUG;
				SWIFT_OPTIMIZATION_LEVEL = "-Onone";
			};
			name = Debug;
		};
		65F8E2F9239D83750015981A /* Release */ = {
			isa = XCBuildConfiguration;
			baseConfigurationReference = 65CD7F4B239D8B35000B3952 /* SampleCode.xcconfig */;
			buildSettings = {
				ALWAYS_SEARCH_USER_PATHS = NO;
				CLANG_ANALYZER_NONNULL = YES;
				CLANG_ANALYZER_NUMBER_OBJECT_CONVERSION = YES_AGGRESSIVE;
				CLANG_CXX_LANGUAGE_STANDARD = "gnu++14";
				CLANG_CXX_LIBRARY = "libc++";
				CLANG_ENABLE_MODULES = YES;
				CLANG_ENABLE_OBJC_ARC = YES;
				CLANG_ENABLE_OBJC_WEAK = YES;
				CLANG_WARN_BLOCK_CAPTURE_AUTORELEASING = YES;
				CLANG_WARN_BOOL_CONVERSION = YES;
				CLANG_WARN_COMMA = YES;
				CLANG_WARN_CONSTANT_CONVERSION = YES;
				CLANG_WARN_DEPRECATED_OBJC_IMPLEMENTATIONS = YES;
				CLANG_WARN_DIRECT_OBJC_ISA_USAGE = YES_ERROR;
				CLANG_WARN_DOCUMENTATION_COMMENTS = YES;
				CLANG_WARN_EMPTY_BODY = YES;
				CLANG_WARN_ENUM_CONVERSION = YES;
				CLANG_WARN_INFINITE_RECURSION = YES;
				CLANG_WARN_INT_CONVERSION = YES;
				CLANG_WARN_NON_LITERAL_NULL_CONVERSION = YES;
				CLANG_WARN_OBJC_IMPLICIT_RETAIN_SELF = YES;
				CLANG_WARN_OBJC_LITERAL_CONVERSION = YES;
				CLANG_WARN_OBJC_ROOT_CLASS = YES_ERROR;
				CLANG_WARN_RANGE_LOOP_ANALYSIS = YES;
				CLANG_WARN_STRICT_PROTOTYPES = YES;
				CLANG_WARN_SUSPICIOUS_MOVE = YES;
				CLANG_WARN_UNGUARDED_AVAILABILITY = YES_AGGRESSIVE;
				CLANG_WARN_UNREACHABLE_CODE = YES;
				CLANG_WARN__DUPLICATE_METHOD_MATCH = YES;
				COPY_PHASE_STRIP = NO;
				DEBUG_INFORMATION_FORMAT = "dwarf-with-dsym";
				ENABLE_NS_ASSERTIONS = NO;
				ENABLE_STRICT_OBJC_MSGSEND = YES;
				GCC_C_LANGUAGE_STANDARD = gnu11;
				GCC_NO_COMMON_BLOCKS = YES;
				GCC_WARN_64_TO_32_BIT_CONVERSION = YES;
				GCC_WARN_ABOUT_RETURN_TYPE = YES_ERROR;
				GCC_WARN_UNDECLARED_SELECTOR = YES;
				GCC_WARN_UNINITIALIZED_AUTOS = YES_AGGRESSIVE;
				GCC_WARN_UNUSED_FUNCTION = YES;
				GCC_WARN_UNUSED_VARIABLE = YES;
				IPHONEOS_DEPLOYMENT_TARGET = 13.2;
				MTL_ENABLE_DEBUG_INFO = NO;
				MTL_FAST_MATH = YES;
				SDKROOT = iphoneos;
				SWIFT_COMPILATION_MODE = wholemodule;
				SWIFT_OPTIMIZATION_LEVEL = "-O";
				VALIDATE_PRODUCT = YES;
			};
			name = Release;
		};
		65F8E2FB239D83750015981A /* Debug */ = {
			isa = XCBuildConfiguration;
			baseConfigurationReference = 65CD7F4B239D8B35000B3952 /* SampleCode.xcconfig */;
			buildSettings = {
				ASSETCATALOG_COMPILER_APPICON_NAME = AppIcon;
				CODE_SIGN_STYLE = Automatic;
				DEVELOPMENT_ASSET_PATHS = "\"Example/Preview Content\"";
				DEVELOPMENT_TEAM = "";
				ENABLE_PREVIEWS = YES;
				INFOPLIST_FILE = Example/Info.plist;
				IPHONEOS_DEPLOYMENT_TARGET = 13.0;
				LD_RUNPATH_SEARCH_PATHS = (
					"$(inherited)",
					"@executable_path/Frameworks",
				);
				PRODUCT_BUNDLE_IDENTIFIER = "com.schmiedmayer.touchvisualizer.example${SAMPLE_CODE_DISAMBIGUATOR}";
				PRODUCT_NAME = "$(TARGET_NAME)";
				SWIFT_VERSION = 5.0;
				TARGETED_DEVICE_FAMILY = "1,2";
			};
			name = Debug;
		};
		65F8E2FC239D83750015981A /* Release */ = {
			isa = XCBuildConfiguration;
			baseConfigurationReference = 65CD7F4B239D8B35000B3952 /* SampleCode.xcconfig */;
			buildSettings = {
				ASSETCATALOG_COMPILER_APPICON_NAME = AppIcon;
				CODE_SIGN_STYLE = Automatic;
				DEVELOPMENT_ASSET_PATHS = "\"Example/Preview Content\"";
				DEVELOPMENT_TEAM = "";
				ENABLE_PREVIEWS = YES;
				INFOPLIST_FILE = Example/Info.plist;
				IPHONEOS_DEPLOYMENT_TARGET = 13.0;
				LD_RUNPATH_SEARCH_PATHS = (
					"$(inherited)",
					"@executable_path/Frameworks",
				);
				PRODUCT_BUNDLE_IDENTIFIER = "com.schmiedmayer.touchvisualizer.example${SAMPLE_CODE_DISAMBIGUATOR}";
				PRODUCT_NAME = "$(TARGET_NAME)";
				SWIFT_VERSION = 5.0;
				TARGETED_DEVICE_FAMILY = "1,2";
			};
			name = Release;
		};
/* End XCBuildConfiguration section */

/* Begin XCConfigurationList section */
		65F8E2E1239D83740015981A /* Build configuration list for PBXProject "Example" */ = {
			isa = XCConfigurationList;
			buildConfigurations = (
				65F8E2F8239D83750015981A /* Debug */,
				65F8E2F9239D83750015981A /* Release */,
			);
			defaultConfigurationIsVisible = 0;
			defaultConfigurationName = Release;
		};
		65F8E2FA239D83750015981A /* Build configuration list for PBXNativeTarget "Example" */ = {
			isa = XCConfigurationList;
			buildConfigurations = (
				65F8E2FB239D83750015981A /* Debug */,
				65F8E2FC239D83750015981A /* Release */,
			);
			defaultConfigurationIsVisible = 0;
			defaultConfigurationName = Release;
		};
/* End XCConfigurationList section */

/* Begin XCRemoteSwiftPackageReference section */
		657F1A25239D896400B351BA /* XCRemoteSwiftPackageReference "TouchVisualizer" */ = {
			isa = XCRemoteSwiftPackageReference;
			repositoryURL = "https://github.com/PSchmiedmayer/TouchVisualizer.git";
			requirement = {
				kind = upToNextMajorVersion;
				minimumVersion = 1.0.0;
			};
		};
/* End XCRemoteSwiftPackageReference section */

/* Begin XCSwiftPackageProductDependency section */
		657F1A26239D896400B351BA /* TouchVisualizer */ = {
			isa = XCSwiftPackageProductDependency;
			package = 657F1A25239D896400B351BA /* XCRemoteSwiftPackageReference "TouchVisualizer" */;
			productName = TouchVisualizer;
		};
/* End XCSwiftPackageProductDependency section */
	};
	rootObject = 65F8E2DE239D83740015981A /* Project object */;
}
