{
  "object": {
    "pins": [
      {
        "package": "TouchVisualizer",
        "repositoryURL": "https://github.com/PSchmiedmayer/TouchVisualizer.git",
        "state": {
          "branch": null,
          "revision": "00e20052f772039364f9af32345ba00ec287a024",
          "version": "1.0.1"
        }
      }
    ]
  },
  "version": 1
}
